// !$*UTF8*$!
{
	archiveVersion = 1;
	classes = {
	};
	objectVersion = 50;
	objects = {

/* Begin PBXBuildFile section */
		12822D192672003F00D1F852 /* AppDelegate.swift in Sources */ = {isa = PBXBuildFile; fileRef = 12822D182672003F00D1F852 /* AppDelegate.swift */; };
		12822D1B2672003F00D1F852 /* ViewController.swift in Sources */ = {isa = PBXBuildFile; fileRef = 12822D1A2672003F00D1F852 /* ViewController.swift */; };
		12822D1E2672003F00D1F852 /* Main.storyboard in Resources */ = {isa = PBXBuildFile; fileRef = 12822D1C2672003F00D1F852 /* Main.storyboard */; };
		12822D202672004100D1F852 /* Assets.xcassets in Resources */ = {isa = PBXBuildFile; fileRef = 12822D1F2672004100D1F852 /* Assets.xcassets */; };
		12822D232672004100D1F852 /* LaunchScreen.storyboard in Resources */ = {isa = PBXBuildFile; fileRef = 12822D212672004100D1F852 /* LaunchScreen.storyboard */; };
		12822D2E2672004100D1F852 /* demo1Tests.swift in Sources */ = {isa = PBXBuildFile; fileRef = 12822D2D2672004100D1F852 /* demo1Tests.swift */; };
		12822D392672004100D1F852 /* demo1UITests.swift in Sources */ = {isa = PBXBuildFile; fileRef = 12822D382672004100D1F852 /* demo1UITests.swift */; };
		12822D482672008C00D1F852 /* FFTimerPanelView.swift in Sources */ = {isa = PBXBuildFile; fileRef = 12822D472672008C00D1F852 /* FFTimerPanelView.swift */; };
		12822D4A2672009F00D1F852 /* FFPanelPartView.swift in Sources */ = {isa = PBXBuildFile; fileRef = 12822D492672009F00D1F852 /* FFPanelPartView.swift */; };
		12822D4C267200AD00D1F852 /* FFNumberCurlView.swift in Sources */ = {isa = PBXBuildFile; fileRef = 12822D4B267200AD00D1F852 /* FFNumberCurlView.swift */; };
		12822D512672077300D1F852 /* FFView.swift in Sources */ = {isa = PBXBuildFile; fileRef = 12822D502672077300D1F852 /* FFView.swift */; };
		12822D53267207B100D1F852 /* FFTimer.swift in Sources */ = {isa = PBXBuildFile; fileRef = 12822D52267207B100D1F852 /* FFTimer.swift */; };
		12822D55267207D900D1F852 /* FFStoreHelper.swift in Sources */ = {isa = PBXBuildFile; fileRef = 12822D54267207D900D1F852 /* FFStoreHelper.swift */; };
/* End PBXBuildFile section */

/* Begin PBXContainerItemProxy section */
		12822D2A2672004100D1F852 /* PBXContainerItemProxy */ = {
			isa = PBXContainerItemProxy;
			containerPortal = 12822D0D2672003F00D1F852 /* Project object */;
			proxyType = 1;
			remoteGlobalIDString = 12822D142672003F00D1F852;
			remoteInfo = demo1;
		};
		12822D352672004100D1F852 /* PBXContainerItemProxy */ = {
			isa = PBXContainerItemProxy;
			containerPortal = 12822D0D2672003F00D1F852 /* Project object */;
			proxyType = 1;
			remoteGlobalIDString = 12822D142672003F00D1F852;
			remoteInfo = demo1;
		};
/* End PBXContainerItemProxy section */

/* Begin PBXFileReference section */
		12822D152672003F00D1F852 /* demo1.app */ = {isa = PBXFileReference; explicitFileType = wrapper.application; includeInIndex = 0; path = demo1.app; sourceTree = BUILT_PRODUCTS_DIR; };
		12822D182672003F00D1F852 /* AppDelegate.swift */ = {isa = PBXFileReference; lastKnownFileType = sourcecode.swift; path = AppDelegate.swift; sourceTree = "<group>"; };
		12822D1A2672003F00D1F852 /* ViewController.swift */ = {isa = PBXFileReference; lastKnownFileType = sourcecode.swift; path = ViewController.swift; sourceTree = "<group>"; };
		12822D1D2672003F00D1F852 /* Base */ = {isa = PBXFileReference; lastKnownFileType = file.storyboard; name = Base; path = Base.lproj/Main.storyboard; sourceTree = "<group>"; };
		12822D1F2672004100D1F852 /* Assets.xcassets */ = {isa = PBXFileReference; lastKnownFileType = folder.assetcatalog; path = Assets.xcassets; sourceTree = "<group>"; };
		12822D222672004100D1F852 /* Base */ = {isa = PBXFileReference; lastKnownFileType = file.storyboard; name = Base; path = Base.lproj/LaunchScreen.storyboard; sourceTree = "<group>"; };
		12822D242672004100D1F852 /* Info.plist */ = {isa = PBXFileReference; lastKnownFileType = text.plist.xml; path = Info.plist; sourceTree = "<group>"; };
		12822D292672004100D1F852 /* demo1Tests.xctest */ = {isa = PBXFileReference; explicitFileType = wrapper.cfbundle; includeInIndex = 0; path = demo1Tests.xctest; sourceTree = BUILT_PRODUCTS_DIR; };
		12822D2D2672004100D1F852 /* demo1Tests.swift */ = {isa = PBXFileReference; lastKnownFileType = sourcecode.swift; path = demo1Tests.swift; sourceTree = "<group>"; };
		12822D2F2672004100D1F852 /* Info.plist */ = {isa = PBXFileReference; lastKnownFileType = text.plist.xml; path = Info.plist; sourceTree = "<group>"; };
		12822D342672004100D1F852 /* demo1UITests.xctest */ = {isa = PBXFileReference; explicitFileType = wrapper.cfbundle; includeInIndex = 0; path = demo1UITests.xctest; sourceTree = BUILT_PRODUCTS_DIR; };
		12822D382672004100D1F852 /* demo1UITests.swift */ = {isa = PBXFileReference; lastKnownFileType = sourcecode.swift; path = demo1UITests.swift; sourceTree = "<group>"; };
		12822D3A2672004100D1F852 /* Info.plist */ = {isa = PBXFileReference; lastKnownFileType = text.plist.xml; path = Info.plist; sourceTree = "<group>"; };
		12822D472672008C00D1F852 /* FFTimerPanelView.swift */ = {isa = PBXFileReference; lastKnownFileType = sourcecode.swift; path = FFTimerPanelView.swift; sourceTree = "<group>"; };
		12822D492672009F00D1F852 /* FFPanelPartView.swift */ = {isa = PBXFileReference; lastKnownFileType = sourcecode.swift; path = FFPanelPartView.swift; sourceTree = "<group>"; };
		12822D4B267200AD00D1F852 /* FFNumberCurlView.swift */ = {isa = PBXFileReference; lastKnownFileType = sourcecode.swift; path = FFNumberCurlView.swift; sourceTree = "<group>"; };
		12822D502672077300D1F852 /* FFView.swift */ = {isa = PBXFileReference; lastKnownFileType = sourcecode.swift; path = FFView.swift; sourceTree = "<group>"; };
		12822D52267207B100D1F852 /* FFTimer.swift */ = {isa = PBXFileReference; lastKnownFileType = sourcecode.swift; path = FFTimer.swift; sourceTree = "<group>"; };
		12822D54267207D900D1F852 /* FFStoreHelper.swift */ = {isa = PBXFileReference; lastKnownFileType = sourcecode.swift; path = FFStoreHelper.swift; sourceTree = "<group>"; };
/* End PBXFileReference section */

/* Begin PBXFrameworksBuildPhase section */
		12822D122672003F00D1F852 /* Frameworks */ = {
			isa = PBXFrameworksBuildPhase;
			buildActionMask = 2147483647;
			files = (
			);
			runOnlyForDeploymentPostprocessing = 0;
		};
		12822D262672004100D1F852 /* Frameworks */ = {
			isa = PBXFrameworksBuildPhase;
			buildActionMask = 2147483647;
			files = (
			);
			runOnlyForDeploymentPostprocessing = 0;
		};
		12822D312672004100D1F852 /* Frameworks */ = {
			isa = PBXFrameworksBuildPhase;
			buildActionMask = 2147483647;
			files = (
			);
			runOnlyForDeploymentPostprocessing = 0;
		};
/* End PBXFrameworksBuildPhase section */

/* Begin PBXGroup section */
		12822D0C2672003F00D1F852 = {
			isa = PBXGroup;
			children = (
				12822D172672003F00D1F852 /* demo1 */,
				12822D2C2672004100D1F852 /* demo1Tests */,
				12822D372672004100D1F852 /* demo1UITests */,
				12822D162672003F00D1F852 /* Products */,
			);
			sourceTree = "<group>";
		};
		12822D162672003F00D1F852 /* Products */ = {
			isa = PBXGroup;
			children = (
				12822D152672003F00D1F852 /* demo1.app */,
				12822D292672004100D1F852 /* demo1Tests.xctest */,
				12822D342672004100D1F852 /* demo1UITests.xctest */,
			);
			name = Products;
			sourceTree = "<group>";
		};
		12822D172672003F00D1F852 /* demo1 */ = {
			isa = PBXGroup;
			children = (
				12822D4D2672073200D1F852 /* General */,
				12822D462672006800D1F852 /* TimePanel */,
				12822D182672003F00D1F852 /* AppDelegate.swift */,
				12822D1A2672003F00D1F852 /* ViewController.swift */,
				12822D1C2672003F00D1F852 /* Main.storyboard */,
				12822D1F2672004100D1F852 /* Assets.xcassets */,
				12822D212672004100D1F852 /* LaunchScreen.storyboard */,
				12822D242672004100D1F852 /* Info.plist */,
			);
			path = demo1;
			sourceTree = "<group>";
		};
		12822D2C2672004100D1F852 /* demo1Tests */ = {
			isa = PBXGroup;
			children = (
				12822D2D2672004100D1F852 /* demo1Tests.swift */,
				12822D2F2672004100D1F852 /* Info.plist */,
			);
			path = demo1Tests;
			sourceTree = "<group>";
		};
		12822D372672004100D1F852 /* demo1UITests */ = {
			isa = PBXGroup;
			children = (
				12822D382672004100D1F852 /* demo1UITests.swift */,
				12822D3A2672004100D1F852 /* Info.plist */,
			);
			path = demo1UITests;
			sourceTree = "<group>";
		};
		12822D462672006800D1F852 /* TimePanel */ = {
			isa = PBXGroup;
			children = (
				12822D472672008C00D1F852 /* FFTimerPanelView.swift */,
				12822D492672009F00D1F852 /* FFPanelPartView.swift */,
				12822D4B267200AD00D1F852 /* FFNumberCurlView.swift */,
			);
			name = TimePanel;
			sourceTree = "<group>";
		};
		12822D4D2672073200D1F852 /* General */ = {
			isa = PBXGroup;
			children = (
				12822D502672077300D1F852 /* FFView.swift */,
				12822D52267207B100D1F852 /* FFTimer.swift */,
				12822D54267207D900D1F852 /* FFStoreHelper.swift */,
			);
			path = General;
			sourceTree = "<group>";
		};
/* End PBXGroup section */

/* Begin PBXNativeTarget section */
		12822D142672003F00D1F852 /* demo1 */ = {
			isa = PBXNativeTarget;
			buildConfigurationList = 12822D3D2672004100D1F852 /* Build configuration list for PBXNativeTarget "demo1" */;
			buildPhases = (
				12822D112672003F00D1F852 /* Sources */,
				12822D122672003F00D1F852 /* Frameworks */,
				12822D132672003F00D1F852 /* Resources */,
			);
			buildRules = (
			);
			dependencies = (
			);
			name = demo1;
			productName = demo1;
			productReference = 12822D152672003F00D1F852 /* demo1.app */;
			productType = "com.apple.product-type.application";
		};
		12822D282672004100D1F852 /* demo1Tests */ = {
			isa = PBXNativeTarget;
			buildConfigurationList = 12822D402672004100D1F852 /* Build configuration list for PBXNativeTarget "demo1Tests" */;
			buildPhases = (
				12822D252672004100D1F852 /* Sources */,
				12822D262672004100D1F852 /* Frameworks */,
				12822D272672004100D1F852 /* Resources */,
			);
			buildRules = (
			);
			dependencies = (
				12822D2B2672004100D1F852 /* PBXTargetDependency */,
			);
			name = demo1Tests;
			productName = demo1Tests;
			productReference = 12822D292672004100D1F852 /* demo1Tests.xctest */;
			productType = "com.apple.product-type.bundle.unit-test";
		};
		12822D332672004100D1F852 /* demo1UITests */ = {
			isa = PBXNativeTarget;
			buildConfigurationList = 12822D432672004100D1F852 /* Build configuration list for PBXNativeTarget "demo1UITests" */;
			buildPhases = (
				12822D302672004100D1F852 /* Sources */,
				12822D312672004100D1F852 /* Frameworks */,
				12822D322672004100D1F852 /* Resources */,
			);
			buildRules = (
			);
			dependencies = (
				12822D362672004100D1F852 /* PBXTargetDependency */,
			);
			name = demo1UITests;
			productName = demo1UITests;
			productReference = 12822D342672004100D1F852 /* demo1UITests.xctest */;
			productType = "com.apple.product-type.bundle.ui-testing";
		};
/* End PBXNativeTarget section */

/* Begin PBXProject section */
		12822D0D2672003F00D1F852 /* Project object */ = {
			isa = PBXProject;
			attributes = {
				LastSwiftUpdateCheck = 1010;
				LastUpgradeCheck = 1010;
				ORGANIZATIONNAME = QQ;
				TargetAttributes = {
					12822D142672003F00D1F852 = {
						CreatedOnToolsVersion = 10.1;
					};
					12822D282672004100D1F852 = {
						CreatedOnToolsVersion = 10.1;
						TestTargetID = 12822D142672003F00D1F852;
					};
					12822D332672004100D1F852 = {
						CreatedOnToolsVersion = 10.1;
						TestTargetID = 12822D142672003F00D1F852;
					};
				};
			};
			buildConfigurationList = 12822D102672003F00D1F852 /* Build configuration list for PBXProject "demo1" */;
			compatibilityVersion = "Xcode 9.3";
			developmentRegion = en;
			hasScannedForEncodings = 0;
			knownRegions = (
				en,
				Base,
			);
			mainGroup = 12822D0C2672003F00D1F852;
			productRefGroup = 12822D162672003F00D1F852 /* Products */;
			projectDirPath = "";
			projectRoot = "";
			targets = (
				12822D142672003F00D1F852 /* demo1 */,
				12822D282672004100D1F852 /* demo1Tests */,
				12822D332672004100D1F852 /* demo1UITests */,
			);
		};
/* End PBXProject section */

/* Begin PBXResourcesBuildPhase section */
		12822D132672003F00D1F852 /* Resources */ = {
			isa = PBXResourcesBuildPhase;
			buildActionMask = 2147483647;
			files = (
				12822D232672004100D1F852 /* LaunchScreen.storyboard in Resources */,
				12822D202672004100D1F852 /* Assets.xcassets in Resources */,
				12822D1E2672003F00D1F852 /* Main.storyboard in Resources */,
			);
			runOnlyForDeploymentPostprocessing = 0;
		};
		12822D272672004100D1F852 /* Resources */ = {
			isa = PBXResourcesBuildPhase;
			buildActionMask = 2147483647;
			files = (
			);
			runOnlyForDeploymentPostprocessing = 0;
		};
		12822D322672004100D1F852 /* Resources */ = {
			isa = PBXResourcesBuildPhase;
			buildActionMask = 2147483647;
			files = (
			);
			runOnlyForDeploymentPostprocessing = 0;
		};
/* End PBXResourcesBuildPhase section */

/* Begin PBXSourcesBuildPhase section */
		12822D112672003F00D1F852 /* Sources */ = {
			isa = PBXSourcesBuildPhase;
			buildActionMask = 2147483647;
			files = (
				12822D1B2672003F00D1F852 /* ViewController.swift in Sources */,
				12822D482672008C00D1F852 /* FFTimerPanelView.swift in Sources */,
				12822D512672077300D1F852 /* FFView.swift in Sources */,
				12822D53267207B100D1F852 /* FFTimer.swift in Sources */,
				12822D4A2672009F00D1F852 /* FFPanelPartView.swift in Sources */,
				12822D192672003F00D1F852 /* AppDelegate.swift in Sources */,
				12822D4C267200AD00D1F852 /* FFNumberCurlView.swift in Sources */,
				12822D55267207D900D1F852 /* FFStoreHelper.swift in Sources */,
			);
			runOnlyForDeploymentPostprocessing = 0;
		};
		12822D252672004100D1F852 /* Sources */ = {
			isa = PBXSourcesBuildPhase;
			buildActionMask = 2147483647;
			files = (
				12822D2E2672004100D1F852 /* demo1Tests.swift in Sources */,
			);
			runOnlyForDeploymentPostprocessing = 0;
		};
		12822D302672004100D1F852 /* Sources */ = {
			isa = PBXSourcesBuildPhase;
			buildActionMask = 2147483647;
			files = (
				12822D392672004100D1F852 /* demo1UITests.swift in Sources */,
			);
			runOnlyForDeploymentPostprocessing = 0;
		};
/* End PBXSourcesBuildPhase section */

/* Begin PBXTargetDependency section */
		12822D2B2672004100D1F852 /* PBXTargetDependency */ = {
			isa = PBXTargetDependency;
			target = 12822D142672003F00D1F852 /* demo1 */;
			targetProxy = 12822D2A2672004100D1F852 /* PBXContainerItemProxy */;
		};
		12822D362672004100D1F852 /* PBXTargetDependency */ = {
			isa = PBXTargetDependency;
			target = 12822D142672003F00D1F852 /* demo1 */;
			targetProxy = 12822D352672004100D1F852 /* PBXContainerItemProxy */;
		};
/* End PBXTargetDependency section */

/* Begin PBXVariantGroup section */
		12822D1C2672003F00D1F852 /* Main.storyboard */ = {
			isa = PBXVariantGroup;
			children = (
				12822D1D2672003F00D1F852 /* Base */,
			);
			name = Main.storyboard;
			sourceTree = "<group>";
		};
		12822D212672004100D1F852 /* LaunchScreen.storyboard */ = {
			isa = PBXVariantGroup;
			children = (
				12822D222672004100D1F852 /* Base */,
			);
			name = LaunchScreen.storyboard;
			sourceTree = "<group>";
		};
/* End PBXVariantGroup section */

/* Begin XCBuildConfiguration section */
		12822D3B2672004100D1F852 /* Debug */ = {
			isa = XCBuildConfiguration;
			buildSettings = {
				ALWAYS_SEARCH_USER_PATHS = NO;
				CLANG_ANALYZER_NONNULL = YES;
				CLANG_ANALYZER_NUMBER_OBJECT_CONVERSION = YES_AGGRESSIVE;
				CLANG_CXX_LANGUAGE_STANDARD = "gnu++14";
				CLANG_CXX_LIBRARY = "libc++";
				CLANG_ENABLE_MODULES = YES;
				CLANG_ENABLE_OBJC_ARC = YES;
				CLANG_ENABLE_OBJC_WEAK = YES;
				CLANG_WARN_BLOCK_CAPTURE_AUTORELEASING = YES;
				CLANG_WARN_BOOL_CONVERSION = YES;
				CLANG_WARN_COMMA = YES;
				CLANG_WARN_CONSTANT_CONVERSION = YES;
				CLANG_WARN_DEPRECATED_OBJC_IMPLEMENTATIONS = YES;
				CLANG_WARN_DIRECT_OBJC_ISA_USAGE = YES_ERROR;
				CLANG_WARN_DOCUMENTATION_COMMENTS = YES;
				CLANG_WARN_EMPTY_BODY = YES;
				CLANG_WARN_ENUM_CONVERSION = YES;
				CLANG_WARN_INFINITE_RECURSION = YES;
				CLANG_WARN_INT_CONVERSION = YES;
				CLANG_WARN_NON_LITERAL_NULL_CONVERSION = YES;
				CLANG_WARN_OBJC_IMPLICIT_RETAIN_SELF = YES;
				CLANG_WARN_OBJC_LITERAL_CONVERSION = YES;
				CLANG_WARN_OBJC_ROOT_CLASS = YES_ERROR;
				CLANG_WARN_RANGE_LOOP_ANALYSIS = YES;
				CLANG_WARN_STRICT_PROTOTYPES = YES;
				CLANG_WARN_SUSPICIOUS_MOVE = YES;
				CLANG_WARN_UNGUARDED_AVAILABILITY = YES_AGGRESSIVE;
				CLANG_WARN_UNREACHABLE_CODE = YES;
				CLANG_WARN__DUPLICATE_METHOD_MATCH = YES;
				CODE_SIGN_IDENTITY = "iPhone Developer";
				COPY_PHASE_STRIP = NO;
				DEBUG_INFORMATION_FORMAT = dwarf;
				ENABLE_STRICT_OBJC_MSGSEND = YES;
				ENABLE_TESTABILITY = YES;
				GCC_C_LANGUAGE_STANDARD = gnu11;
				GCC_DYNAMIC_NO_PIC = NO;
				GCC_NO_COMMON_BLOCKS = YES;
				GCC_OPTIMIZATION_LEVEL = 0;
				GCC_PREPROCESSOR_DEFINITIONS = (
					"DEBUG=1",
					"$(inherited)",
				);
				GCC_WARN_64_TO_32_BIT_CONVERSION = YES;
				GCC_WARN_ABOUT_RETURN_TYPE = YES_ERROR;
				GCC_WARN_UNDECLARED_SELECTOR = YES;
				GCC_WARN_UNINITIALIZED_AUTOS = YES_AGGRESSIVE;
				GCC_WARN_UNUSED_FUNCTION = YES;
				GCC_WARN_UNUSED_VARIABLE = YES;
				IPHONEOS_DEPLOYMENT_TARGET = 12.1;
				MTL_ENABLE_DEBUG_INFO = INCLUDE_SOURCE;
				MTL_FAST_MATH = YES;
				ONLY_ACTIVE_ARCH = YES;
				SDKROOT = iphoneos;
				SWIFT_ACTIVE_COMPILATION_CONDITIONS = DEBUG;
				SWIFT_OPTIMIZATION_LEVEL = "-Onone";
			};
			name = Debug;
		};
		12822D3C2672004100D1F852 /* Release */ = {
			isa = XCBuildConfiguration;
			buildSettings = {
				ALWAYS_SEARCH_USER_PATHS = NO;
				CLANG_ANALYZER_NONNULL = YES;
				CLANG_ANALYZER_NUMBER_OBJECT_CONVERSION = YES_AGGRESSIVE;
				CLANG_CXX_LANGUAGE_STANDARD = "gnu++14";
				CLANG_CXX_LIBRARY = "libc++";
				CLANG_ENABLE_MODULES = YES;
				CLANG_ENABLE_OBJC_ARC = YES;
				CLANG_ENABLE_OBJC_WEAK = YES;
				CLANG_WARN_BLOCK_CAPTURE_AUTORELEASING = YES;
				CLANG_WARN_BOOL_CONVERSION = YES;
				CLANG_WARN_COMMA = YES;
				CLANG_WARN_CONSTANT_CONVERSION = YES;
				CLANG_WARN_DEPRECATED_OBJC_IMPLEMENTATIONS = YES;
				CLANG_WARN_DIRECT_OBJC_ISA_USAGE = YES_ERROR;
				CLANG_WARN_DOCUMENTATION_COMMENTS = YES;
				CLANG_WARN_EMPTY_BODY = YES;
				CLANG_WARN_ENUM_CONVERSION = YES;
				CLANG_WARN_INFINITE_RECURSION = YES;
				CLANG_WARN_INT_CONVERSION = YES;
				CLANG_WARN_NON_LITERAL_NULL_CONVERSION = YES;
				CLANG_WARN_OBJC_IMPLICIT_RETAIN_SELF = YES;
				CLANG_WARN_OBJC_LITERAL_CONVERSION = YES;
				CLANG_WARN_OBJC_ROOT_CLASS = YES_ERROR;
				CLANG_WARN_RANGE_LOOP_ANALYSIS = YES;
				CLANG_WARN_STRICT_PROTOTYPES = YES;
				CLANG_WARN_SUSPICIOUS_MOVE = YES;
				CLANG_WARN_UNGUARDED_AVAILABILITY = YES_AGGRESSIVE;
				CLANG_WARN_UNREACHABLE_CODE = YES;
				CLANG_WARN__DUPLICATE_METHOD_MATCH = YES;
				CODE_SIGN_IDENTITY = "iPhone Developer";
				COPY_PHASE_STRIP = NO;
				DEBUG_INFORMATION_FORMAT = "dwarf-with-dsym";
				ENABLE_NS_ASSERTIONS = NO;
				ENABLE_STRICT_OBJC_MSGSEND = YES;
				GCC_C_LANGUAGE_STANDARD = gnu11;
				GCC_NO_COMMON_BLOCKS = YES;
				GCC_WARN_64_TO_32_BIT_CONVERSION = YES;
				GCC_WARN_ABOUT_RETURN_TYPE = YES_ERROR;
				GCC_WARN_UNDECLARED_SELECTOR = YES;
				GCC_WARN_UNINITIALIZED_AUTOS = YES_AGGRESSIVE;
				GCC_WARN_UNUSED_FUNCTION = YES;
				GCC_WARN_UNUSED_VARIABLE = YES;
				IPHONEOS_DEPLOYMENT_TARGET = 12.1;
				MTL_ENABLE_DEBUG_INFO = NO;
				MTL_FAST_MATH = YES;
				SDKROOT = iphoneos;
				SWIFT_COMPILATION_MODE = wholemodule;
				SWIFT_OPTIMIZATION_LEVEL = "-O";
				VALIDATE_PRODUCT = YES;
			};
			name = Release;
		};
		12822D3E2672004100D1F852 /* Debug */ = {
			isa = XCBuildConfiguration;
			buildSettings = {
				ASSETCATALOG_COMPILER_APPICON_NAME = AppIcon;
				CODE_SIGN_STYLE = Automatic;
				DEVELOPMENT_TEAM = A8TKTHVH4G;
				INFOPLIST_FILE = demo1/Info.plist;
				LD_RUNPATH_SEARCH_PATHS = (
					"$(inherited)",
					"@executable_path/Frameworks",
				);
				PRODUCT_BUNDLE_IDENTIFIER = com.gelioo.demo1.demo1;
				PRODUCT_NAME = "$(TARGET_NAME)";
				SWIFT_VERSION = 4.2;
				TARGETED_DEVICE_FAMILY = "1,2";
			};
			name = Debug;
		};
		12822D3F2672004100D1F852 /* Release */ = {
			isa = XCBuildConfiguration;
			buildSettings = {
				ASSETCATALOG_COMPILER_APPICON_NAME = AppIcon;
				CODE_SIGN_STYLE = Automatic;
				DEVELOPMENT_TEAM = A8TKTHVH4G;
				INFOPLIST_FILE = demo1/Info.plist;
				LD_RUNPATH_SEARCH_PATHS = (
					"$(inherited)",
					"@executable_path/Frameworks",
				);
				PRODUCT_BUNDLE_IDENTIFIER = com.gelioo.demo1.demo1;
				PRODUCT_NAME = "$(TARGET_NAME)";
				SWIFT_VERSION = 4.2;
				TARGETED_DEVICE_FAMILY = "1,2";
			};
			name = Release;
		};
		12822D412672004100D1F852 /* Debug */ = {
			isa = XCBuildConfiguration;
			buildSettings = {
				ALWAYS_EMBED_SWIFT_STANDARD_LIBRARIES = YES;
				BUNDLE_LOADER = "$(TEST_HOST)";
				CODE_SIGN_STYLE = Automatic;
				DEVELOPMENT_TEAM = A8TKTHVH4G;
				INFOPLIST_FILE = demo1Tests/Info.plist;
				LD_RUNPATH_SEARCH_PATHS = (
					"$(inherited)",
					"@executable_path/Frameworks",
					"@loader_path/Frameworks",
				);
				PRODUCT_BUNDLE_IDENTIFIER = com.gelioo.demo1.demo1Tests;
				PRODUCT_NAME = "$(TARGET_NAME)";
				SWIFT_VERSION = 4.2;
				TARGETED_DEVICE_FAMILY = "1,2";
				TEST_HOST = "$(BUILT_PRODUCTS_DIR)/demo1.app/demo1";
			};
			name = Debug;
		};
		12822D422672004100D1F852 /* Release */ = {
			isa = XCBuildConfiguration;
			buildSettings = {
				ALWAYS_EMBED_SWIFT_STANDARD_LIBRARIES = YES;
				BUNDLE_LOADER = "$(TEST_HOST)";
				CODE_SIGN_STYLE = Automatic;
				DEVELOPMENT_TEAM = A8TKTHVH4G;
				INFOPLIST_FILE = demo1Tests/Info.plist;
				LD_RUNPATH_SEARCH_PATHS = (
					"$(inherited)",
					"@executable_path/Frameworks",
					"@loader_path/Frameworks",
				);
				PRODUCT_BUNDLE_IDENTIFIER = com.gelioo.demo1.demo1Tests;
				PRODUCT_NAME = "$(TARGET_NAME)";
				SWIFT_VERSION = 4.2;
				TARGETED_DEVICE_FAMILY = "1,2";
				TEST_HOST = "$(BUILT_PRODUCTS_DIR)/demo1.app/demo1";
			};
			name = Release;
		};
		12822D442672004100D1F852 /* Debug */ = {
			isa = XCBuildConfiguration;
			buildSettings = {
				ALWAYS_EMBED_SWIFT_STANDARD_LIBRARIES = YES;
				CODE_SIGN_STYLE = Automatic;
				DEVELOPMENT_TEAM = A8TKTHVH4G;
				INFOPLIST_FILE = demo1UITests/Info.plist;
				LD_RUNPATH_SEARCH_PATHS = (
					"$(inherited)",
					"@executable_path/Frameworks",
					"@loader_path/Frameworks",
				);
				PRODUCT_BUNDLE_IDENTIFIER = com.gelioo.demo1.demo1UITests;
				PRODUCT_NAME = "$(TARGET_NAME)";
				SWIFT_VERSION = 4.2;
				TARGETED_DEVICE_FAMILY = "1,2";
				TEST_TARGET_NAME = demo1;
			};
			name = Debug;
		};
		12822D452672004100D1F852 /* Release */ = {
			isa = XCBuildConfiguration;
			buildSettings = {
				ALWAYS_EMBED_SWIFT_STANDARD_LIBRARIES = YES;
				CODE_SIGN_STYLE = Automatic;
				DEVELOPMENT_TEAM = A8TKTHVH4G;
				INFOPLIST_FILE = demo1UITests/Info.plist;
				LD_RUNPATH_SEARCH_PATHS = (
					"$(inherited)",
					"@executable_path/Frameworks",
					"@loader_path/Frameworks",
				);
				PRODUCT_BUNDLE_IDENTIFIER = com.gelioo.demo1.demo1UITests;
				PRODUCT_NAME = "$(TARGET_NAME)";
				SWIFT_VERSION = 4.2;
				TARGETED_DEVICE_FAMILY = "1,2";
				TEST_TARGET_NAME = demo1;
			};
			name = Release;
		};
/* End XCBuildConfiguration section */

/* Begin XCConfigurationList section */
		12822D102672003F00D1F852 /* Build configuration list for PBXProject "demo1" */ = {
			isa = XCConfigurationList;
			buildConfigurations = (
				12822D3B2672004100D1F852 /* Debug */,
				12822D3C2672004100D1F852 /* Release */,
			);
			defaultConfigurationIsVisible = 0;
			defaultConfigurationName = Release;
		};
		12822D3D2672004100D1F852 /* Build configuration list for PBXNativeTarget "demo1" */ = {
			isa = XCConfigurationList;
			buildConfigurations = (
				12822D3E2672004100D1F852 /* Debug */,
				12822D3F2672004100D1F852 /* Release */,
			);
			defaultConfigurationIsVisible = 0;
			defaultConfigurationName = Release;
		};
		12822D402672004100D1F852 /* Build configuration list for PBXNativeTarget "demo1Tests" */ = {
			isa = XCConfigurationList;
			buildConfigurations = (
				12822D412672004100D1F852 /* Debug */,
				12822D422672004100D1F852 /* Release */,
			);
			defaultConfigurationIsVisible = 0;
			defaultConfigurationName = Release;
		};
		12822D432672004100D1F852 /* Build configuration list for PBXNativeTarget "demo1UITests" */ = {
			isa = XCConfigurationList;
			buildConfigurations = (
				12822D442672004100D1F852 /* Debug */,
				12822D452672004100D1F852 /* Release */,
			);
			defaultConfigurationIsVisible = 0;
			defaultConfigurationName = Release;
		};
/* End XCConfigurationList section */
	};
	rootObject = 12822D0D2672003F00D1F852 /* Project object */;
}
